// !$*UTF8*$!
{
	archiveVersion = 1;
	classes = {
	};
	objectVersion = 46;
	objects = {

/* Begin PBXBuildFile section */
		D8F526AD1B384C37006921DF /* main.m in Sources */ = {isa = PBXBuildFile; fileRef = D8F526AC1B384C37006921DF /* main.m */; };
		D8F526B01B384C37006921DF /* AppDelegate.m in Sources */ = {isa = PBXBuildFile; fileRef = D8F526AF1B384C37006921DF /* AppDelegate.m */; };
		D8F526B61B384C37006921DF /* Main.storyboard in Resources */ = {isa = PBXBuildFile; fileRef = D8F526B41B384C37006921DF /* Main.storyboard */; };
		D8F526B81B384C37006921DF /* Images.xcassets in Resources */ = {isa = PBXBuildFile; fileRef = D8F526B71B384C37006921DF /* Images.xcassets */; };
		D8F526BB1B384C37006921DF /* LaunchScreen.xib in Resources */ = {isa = PBXBuildFile; fileRef = D8F526B91B384C37006921DF /* LaunchScreen.xib */; };
		D8F526C71B384C37006921DF /* MatchMeTests.m in Sources */ = {isa = PBXBuildFile; fileRef = D8F526C61B384C37006921DF /* MatchMeTests.m */; };
		D8F526D21B384C70006921DF /* PlayingCardCell.m in Sources */ = {isa = PBXBuildFile; fileRef = D8F526D11B384C70006921DF /* PlayingCardCell.m */; };
		D8F526D51B384CCA006921DF /* GameBoardViewController.m in Sources */ = {isa = PBXBuildFile; fileRef = D8F526D41B384CCA006921DF /* GameBoardViewController.m */; };
		D8F526DF1B384D62006921DF /* HitMeGame.m in Sources */ = {isa = PBXBuildFile; fileRef = D8F526DA1B384D62006921DF /* HitMeGame.m */; };
		D8F526E01B384D62006921DF /* Deck.m in Sources */ = {isa = PBXBuildFile; fileRef = D8F526DC1B384D62006921DF /* Deck.m */; };
		D8F526E11B384D62006921DF /* PlayingCard.m in Sources */ = {isa = PBXBuildFile; fileRef = D8F526DE1B384D62006921DF /* PlayingCard.m */; };
		D8F526E51B38A562006921DF /* PlayingCardController.m in Sources */ = {isa = PBXBuildFile; fileRef = D8F526E41B38A562006921DF /* PlayingCardController.m */; };
		D8F526E81B39A6EE006921DF /* MatchMeGame.m in Sources */ = {isa = PBXBuildFile; fileRef = D8F526E71B39A6EE006921DF /* MatchMeGame.m */; };
/* End PBXBuildFile section */

/* Begin PBXContainerItemProxy section */
		D8F526C11B384C37006921DF /* PBXContainerItemProxy */ = {
			isa = PBXContainerItemProxy;
			containerPortal = D8F5269F1B384C37006921DF /* Project object */;
			proxyType = 1;
			remoteGlobalIDString = D8F526A61B384C37006921DF;
			remoteInfo = MatchMe;
		};
/* End PBXContainerItemProxy section */

/* Begin PBXFileReference section */
		D8F526A71B384C37006921DF /* MatchMe.app */ = {isa = PBXFileReference; explicitFileType = wrapper.application; includeInIndex = 0; path = MatchMe.app; sourceTree = BUILT_PRODUCTS_DIR; };
		D8F526AB1B384C37006921DF /* Info.plist */ = {isa = PBXFileReference; lastKnownFileType = text.plist.xml; path = Info.plist; sourceTree = "<group>"; };
		D8F526AC1B384C37006921DF /* main.m */ = {isa = PBXFileReference; lastKnownFileType = sourcecode.c.objc; path = main.m; sourceTree = "<group>"; };
		D8F526AE1B384C37006921DF /* AppDelegate.h */ = {isa = PBXFileReference; lastKnownFileType = sourcecode.c.h; path = AppDelegate.h; sourceTree = "<group>"; };
		D8F526AF1B384C37006921DF /* AppDelegate.m */ = {isa = PBXFileReference; lastKnownFileType = sourcecode.c.objc; path = AppDelegate.m; sourceTree = "<group>"; };
		D8F526B51B384C37006921DF /* Base */ = {isa = PBXFileReference; lastKnownFileType = file.storyboard; name = Base; path = Base.lproj/Main.storyboard; sourceTree = "<group>"; };
		D8F526B71B384C37006921DF /* Images.xcassets */ = {isa = PBXFileReference; lastKnownFileType = folder.assetcatalog; path = Images.xcassets; sourceTree = "<group>"; };
		D8F526BA1B384C37006921DF /* Base */ = {isa = PBXFileReference; lastKnownFileType = file.xib; name = Base; path = Base.lproj/LaunchScreen.xib; sourceTree = "<group>"; };
		D8F526C01B384C37006921DF /* MatchMeTests.xctest */ = {isa = PBXFileReference; explicitFileType = wrapper.cfbundle; includeInIndex = 0; path = MatchMeTests.xctest; sourceTree = BUILT_PRODUCTS_DIR; };
		D8F526C51B384C37006921DF /* Info.plist */ = {isa = PBXFileReference; lastKnownFileType = text.plist.xml; path = Info.plist; sourceTree = "<group>"; };
		D8F526C61B384C37006921DF /* MatchMeTests.m */ = {isa = PBXFileReference; lastKnownFileType = sourcecode.c.objc; path = MatchMeTests.m; sourceTree = "<group>"; };
		D8F526D01B384C70006921DF /* PlayingCardCell.h */ = {isa = PBXFileReference; fileEncoding = 4; lastKnownFileType = sourcecode.c.h; path = PlayingCardCell.h; sourceTree = "<group>"; };
		D8F526D11B384C70006921DF /* PlayingCardCell.m */ = {isa = PBXFileReference; fileEncoding = 4; lastKnownFileType = sourcecode.c.objc; path = PlayingCardCell.m; sourceTree = "<group>"; };
		D8F526D31B384CCA006921DF /* GameBoardViewController.h */ = {isa = PBXFileReference; fileEncoding = 4; lastKnownFileType = sourcecode.c.h; path = GameBoardViewController.h; sourceTree = "<group>"; };
		D8F526D41B384CCA006921DF /* GameBoardViewController.m */ = {isa = PBXFileReference; fileEncoding = 4; lastKnownFileType = sourcecode.c.objc; path = GameBoardViewController.m; sourceTree = "<group>"; };
		D8F526D91B384D62006921DF /* HitMeGame.h */ = {isa = PBXFileReference; fileEncoding = 4; lastKnownFileType = sourcecode.c.h; path = HitMeGame.h; sourceTree = "<group>"; };
		D8F526DA1B384D62006921DF /* HitMeGame.m */ = {isa = PBXFileReference; fileEncoding = 4; lastKnownFileType = sourcecode.c.objc; path = HitMeGame.m; sourceTree = "<group>"; };
		D8F526DB1B384D62006921DF /* Deck.h */ = {isa = PBXFileReference; fileEncoding = 4; lastKnownFileType = sourcecode.c.h; path = Deck.h; sourceTree = "<group>"; };
		D8F526DC1B384D62006921DF /* Deck.m */ = {isa = PBXFileReference; fileEncoding = 4; lastKnownFileType = sourcecode.c.objc; path = Deck.m; sourceTree = "<group>"; };
		D8F526DD1B384D62006921DF /* PlayingCard.h */ = {isa = PBXFileReference; fileEncoding = 4; lastKnownFileType = sourcecode.c.h; path = PlayingCard.h; sourceTree = "<group>"; };
		D8F526DE1B384D62006921DF /* PlayingCard.m */ = {isa = PBXFileReference; fileEncoding = 4; lastKnownFileType = sourcecode.c.objc; path = PlayingCard.m; sourceTree = "<group>"; };
		D8F526E31B38A562006921DF /* PlayingCardController.h */ = {isa = PBXFileReference; fileEncoding = 4; lastKnownFileType = sourcecode.c.h; path = PlayingCardController.h; sourceTree = "<group>"; };
		D8F526E41B38A562006921DF /* PlayingCardController.m */ = {isa = PBXFileReference; fileEncoding = 4; lastKnownFileType = sourcecode.c.objc; path = PlayingCardController.m; sourceTree = "<group>"; };
		D8F526E61B39A6EE006921DF /* MatchMeGame.h */ = {isa = PBXFileReference; fileEncoding = 4; lastKnownFileType = sourcecode.c.h; path = MatchMeGame.h; sourceTree = "<group>"; };
		D8F526E71B39A6EE006921DF /* MatchMeGame.m */ = {isa = PBXFileReference; fileEncoding = 4; lastKnownFileType = sourcecode.c.objc; path = MatchMeGame.m; sourceTree = "<group>"; };
		D8F526E91B39AB5D006921DF /* HitMeGame_Private.h */ = {isa = PBXFileReference; lastKnownFileType = sourcecode.c.h; path = HitMeGame_Private.h; sourceTree = "<group>"; };
/* End PBXFileReference section */

/* Begin PBXFrameworksBuildPhase section */
		D8F526A41B384C37006921DF /* Frameworks */ = {
			isa = PBXFrameworksBuildPhase;
			buildActionMask = 2147483647;
			files = (
			);
			runOnlyForDeploymentPostprocessing = 0;
		};
		D8F526BD1B384C37006921DF /* Frameworks */ = {
			isa = PBXFrameworksBuildPhase;
			buildActionMask = 2147483647;
			files = (
			);
			runOnlyForDeploymentPostprocessing = 0;
		};
/* End PBXFrameworksBuildPhase section */

/* Begin PBXGroup section */
		D8F5269E1B384C37006921DF = {
			isa = PBXGroup;
			children = (
				D8F526A91B384C37006921DF /* MatchMe */,
				D8F526C31B384C37006921DF /* MatchMeTests */,
				D8F526A81B384C37006921DF /* Products */,
			);
			sourceTree = "<group>";
		};
		D8F526A81B384C37006921DF /* Products */ = {
			isa = PBXGroup;
			children = (
				D8F526A71B384C37006921DF /* MatchMe.app */,
				D8F526C01B384C37006921DF /* MatchMeTests.xctest */,
			);
			name = Products;
			sourceTree = "<group>";
		};
		D8F526A91B384C37006921DF /* MatchMe */ = {
			isa = PBXGroup;
			children = (
				D8F526B41B384C37006921DF /* Main.storyboard */,
				D8F526D81B384CFA006921DF /* Start Up */,
				D8F526D61B384CE9006921DF /* Game Board */,
				D8F526D71B384CF2006921DF /* Playing Card Cell */,
				D8F526E21B384D6D006921DF /* Model */,
				D8F526B71B384C37006921DF /* Images.xcassets */,
				D8F526B91B384C37006921DF /* LaunchScreen.xib */,
				D8F526AA1B384C37006921DF /* Supporting Files */,
			);
			path = MatchMe;
			sourceTree = "<group>";
		};
		D8F526AA1B384C37006921DF /* Supporting Files */ = {
			isa = PBXGroup;
			children = (
				D8F526AB1B384C37006921DF /* Info.plist */,
				D8F526AC1B384C37006921DF /* main.m */,
			);
			name = "Supporting Files";
			sourceTree = "<group>";
		};
		D8F526C31B384C37006921DF /* MatchMeTests */ = {
			isa = PBXGroup;
			children = (
				D8F526C61B384C37006921DF /* MatchMeTests.m */,
				D8F526C41B384C37006921DF /* Supporting Files */,
			);
			path = MatchMeTests;
			sourceTree = "<group>";
		};
		D8F526C41B384C37006921DF /* Supporting Files */ = {
			isa = PBXGroup;
			children = (
				D8F526C51B384C37006921DF /* Info.plist */,
			);
			name = "Supporting Files";
			sourceTree = "<group>";
		};
		D8F526D61B384CE9006921DF /* Game Board */ = {
			isa = PBXGroup;
			children = (
				D8F526D31B384CCA006921DF /* GameBoardViewController.h */,
				D8F526D41B384CCA006921DF /* GameBoardViewController.m */,
			);
			name = "Game Board";
			sourceTree = "<group>";
		};
		D8F526D71B384CF2006921DF /* Playing Card Cell */ = {
			isa = PBXGroup;
			children = (
				D8F526E31B38A562006921DF /* PlayingCardController.h */,
				D8F526E41B38A562006921DF /* PlayingCardController.m */,
				D8F526D01B384C70006921DF /* PlayingCardCell.h */,
				D8F526D11B384C70006921DF /* PlayingCardCell.m */,
			);
			name = "Playing Card Cell";
			sourceTree = "<group>";
		};
		D8F526D81B384CFA006921DF /* Start Up */ = {
			isa = PBXGroup;
			children = (
				D8F526AE1B384C37006921DF /* AppDelegate.h */,
				D8F526AF1B384C37006921DF /* AppDelegate.m */,
			);
			name = "Start Up";
			sourceTree = "<group>";
		};
		D8F526E21B384D6D006921DF /* Model */ = {
			isa = PBXGroup;
			children = (
				D8F526E61B39A6EE006921DF /* MatchMeGame.h */,
				D8F526E71B39A6EE006921DF /* MatchMeGame.m */,
				D8F526E91B39AB5D006921DF /* HitMeGame_Private.h */,
				D8F526D91B384D62006921DF /* HitMeGame.h */,
				D8F526DA1B384D62006921DF /* HitMeGame.m */,
				D8F526DB1B384D62006921DF /* Deck.h */,
				D8F526DC1B384D62006921DF /* Deck.m */,
				D8F526DD1B384D62006921DF /* PlayingCard.h */,
				D8F526DE1B384D62006921DF /* PlayingCard.m */,
			);
			name = Model;
			sourceTree = "<group>";
		};
/* End PBXGroup section */

/* Begin PBXNativeTarget section */
		D8F526A61B384C37006921DF /* MatchMe */ = {
			isa = PBXNativeTarget;
			buildConfigurationList = D8F526CA1B384C37006921DF /* Build configuration list for PBXNativeTarget "MatchMe" */;
			buildPhases = (
				D8F526A31B384C37006921DF /* Sources */,
				D8F526A41B384C37006921DF /* Frameworks */,
				D8F526A51B384C37006921DF /* Resources */,
			);
			buildRules = (
			);
			dependencies = (
			);
			name = MatchMe;
			productName = MatchMe;
			productReference = D8F526A71B384C37006921DF /* MatchMe.app */;
			productType = "com.apple.product-type.application";
		};
		D8F526BF1B384C37006921DF /* MatchMeTests */ = {
			isa = PBXNativeTarget;
			buildConfigurationList = D8F526CD1B384C37006921DF /* Build configuration list for PBXNativeTarget "MatchMeTests" */;
			buildPhases = (
				D8F526BC1B384C37006921DF /* Sources */,
				D8F526BD1B384C37006921DF /* Frameworks */,
				D8F526BE1B384C37006921DF /* Resources */,
			);
			buildRules = (
			);
			dependencies = (
				D8F526C21B384C37006921DF /* PBXTargetDependency */,
			);
			name = MatchMeTests;
			productName = MatchMeTests;
			productReference = D8F526C01B384C37006921DF /* MatchMeTests.xctest */;
			productType = "com.apple.product-type.bundle.unit-test";
		};
/* End PBXNativeTarget section */

/* Begin PBXProject section */
		D8F5269F1B384C37006921DF /* Project object */ = {
			isa = PBXProject;
			attributes = {
				LastUpgradeCheck = 0630;
				ORGANIZATIONNAME = "Joe Lucero";
				TargetAttributes = {
					D8F526A61B384C37006921DF = {
						CreatedOnToolsVersion = 6.3.2;
					};
					D8F526BF1B384C37006921DF = {
						CreatedOnToolsVersion = 6.3.2;
						TestTargetID = D8F526A61B384C37006921DF;
					};
				};
			};
			buildConfigurationList = D8F526A21B384C37006921DF /* Build configuration list for PBXProject "MatchMe" */;
			compatibilityVersion = "Xcode 3.2";
			developmentRegion = English;
			hasScannedForEncodings = 0;
			knownRegions = (
				en,
				Base,
			);
			mainGroup = D8F5269E1B384C37006921DF;
			productRefGroup = D8F526A81B384C37006921DF /* Products */;
			projectDirPath = "";
			projectRoot = "";
			targets = (
				D8F526A61B384C37006921DF /* MatchMe */,
				D8F526BF1B384C37006921DF /* MatchMeTests */,
			);
		};
/* End PBXProject section */

/* Begin PBXResourcesBuildPhase section */
		D8F526A51B384C37006921DF /* Resources */ = {
			isa = PBXResourcesBuildPhase;
			buildActionMask = 2147483647;
			files = (
				D8F526B61B384C37006921DF /* Main.storyboard in Resources */,
				D8F526BB1B384C37006921DF /* LaunchScreen.xib in Resources */,
				D8F526B81B384C37006921DF /* Images.xcassets in Resources */,
			);
			runOnlyForDeploymentPostprocessing = 0;
		};
		D8F526BE1B384C37006921DF /* Resources */ = {
			isa = PBXResourcesBuildPhase;
			buildActionMask = 2147483647;
			files = (
			);
			runOnlyForDeploymentPostprocessing = 0;
		};
/* End PBXResourcesBuildPhase section */

/* Begin PBXSourcesBuildPhase section */
		D8F526A31B384C37006921DF /* Sources */ = {
			isa = PBXSourcesBuildPhase;
			buildActionMask = 2147483647;
			files = (
				D8F526B01B384C37006921DF /* AppDelegate.m in Sources */,
				D8F526D51B384CCA006921DF /* GameBoardViewController.m in Sources */,
				D8F526E11B384D62006921DF /* PlayingCard.m in Sources */,
				D8F526DF1B384D62006921DF /* HitMeGame.m in Sources */,
				D8F526E81B39A6EE006921DF /* MatchMeGame.m in Sources */,
				D8F526E51B38A562006921DF /* PlayingCardController.m in Sources */,
				D8F526D21B384C70006921DF /* PlayingCardCell.m in Sources */,
				D8F526E01B384D62006921DF /* Deck.m in Sources */,
				D8F526AD1B384C37006921DF /* main.m in Sources */,
			);
			runOnlyForDeploymentPostprocessing = 0;
		};
		D8F526BC1B384C37006921DF /* Sources */ = {
			isa = PBXSourcesBuildPhase;
			buildActionMask = 2147483647;
			files = (
				D8F526C71B384C37006921DF /* MatchMeTests.m in Sources */,
			);
			runOnlyForDeploymentPostprocessing = 0;
		};
/* End PBXSourcesBuildPhase section */

/* Begin PBXTargetDependency section */
		D8F526C21B384C37006921DF /* PBXTargetDependency */ = {
			isa = PBXTargetDependency;
			target = D8F526A61B384C37006921DF /* MatchMe */;
			targetProxy = D8F526C11B384C37006921DF /* PBXContainerItemProxy */;
		};
/* End PBXTargetDependency section */

/* Begin PBXVariantGroup section */
		D8F526B41B384C37006921DF /* Main.storyboard */ = {
			isa = PBXVariantGroup;
			children = (
				D8F526B51B384C37006921DF /* Base */,
			);
			name = Main.storyboard;
			sourceTree = "<group>";
		};
		D8F526B91B384C37006921DF /* LaunchScreen.xib */ = {
			isa = PBXVariantGroup;
			children = (
				D8F526BA1B384C37006921DF /* Base */,
			);
			name = LaunchScreen.xib;
			sourceTree = "<group>";
		};
/* End PBXVariantGroup section */

/* Begin XCBuildConfiguration section */
		D8F526C81B384C37006921DF /* Debug */ = {
			isa = XCBuildConfiguration;
			buildSettings = {
				ALWAYS_SEARCH_USER_PATHS = NO;
				CLANG_CXX_LANGUAGE_STANDARD = "gnu++0x";
				CLANG_CXX_LIBRARY = "libc++";
				CLANG_ENABLE_MODULES = YES;
				CLANG_ENABLE_OBJC_ARC = YES;
				CLANG_WARN_BOOL_CONVERSION = YES;
				CLANG_WARN_CONSTANT_CONVERSION = YES;
				CLANG_WARN_DIRECT_OBJC_ISA_USAGE = YES_ERROR;
				CLANG_WARN_EMPTY_BODY = YES;
				CLANG_WARN_ENUM_CONVERSION = YES;
				CLANG_WARN_INT_CONVERSION = YES;
				CLANG_WARN_OBJC_ROOT_CLASS = YES_ERROR;
				CLANG_WARN_UNREACHABLE_CODE = YES;
				CLANG_WARN__DUPLICATE_METHOD_MATCH = YES;
				"CODE_SIGN_IDENTITY[sdk=iphoneos*]" = "iPhone Developer";
				COPY_PHASE_STRIP = NO;
				DEBUG_INFORMATION_FORMAT = "dwarf-with-dsym";
				ENABLE_STRICT_OBJC_MSGSEND = YES;
				GCC_C_LANGUAGE_STANDARD = gnu99;
				GCC_DYNAMIC_NO_PIC = NO;
				GCC_NO_COMMON_BLOCKS = YES;
				GCC_OPTIMIZATION_LEVEL = 0;
				GCC_PREPROCESSOR_DEFINITIONS = (
					"DEBUG=1",
					"$(inherited)",
				);
				GCC_SYMBOLS_PRIVATE_EXTERN = NO;
				GCC_WARN_64_TO_32_BIT_CONVERSION = YES;
				GCC_WARN_ABOUT_RETURN_TYPE = YES_ERROR;
				GCC_WARN_UNDECLARED_SELECTOR = YES;
				GCC_WARN_UNINITIALIZED_AUTOS = YES_AGGRESSIVE;
				GCC_WARN_UNUSED_FUNCTION = YES;
				GCC_WARN_UNUSED_VARIABLE = YES;
				IPHONEOS_DEPLOYMENT_TARGET = 8.3;
				MTL_ENABLE_DEBUG_INFO = YES;
				ONLY_ACTIVE_ARCH = YES;
				SDKROOT = iphoneos;
			};
			name = Debug;
		};
		D8F526C91B384C37006921DF /* Release */ = {
			isa = XCBuildConfiguration;
			buildSettings = {
				ALWAYS_SEARCH_USER_PATHS = NO;
				CLANG_CXX_LANGUAGE_STANDARD = "gnu++0x";
				CLANG_CXX_LIBRARY = "libc++";
				CLANG_ENABLE_MODULES = YES;
				CLANG_ENABLE_OBJC_ARC = YES;
				CLANG_WARN_BOOL_CONVERSION = YES;
				CLANG_WARN_CONSTANT_CONVERSION = YES;
				CLANG_WARN_DIRECT_OBJC_ISA_USAGE = YES_ERROR;
				CLANG_WARN_EMPTY_BODY = YES;
				CLANG_WARN_ENUM_CONVERSION = YES;
				CLANG_WARN_INT_CONVERSION = YES;
				CLANG_WARN_OBJC_ROOT_CLASS = YES_ERROR;
				CLANG_WARN_UNREACHABLE_CODE = YES;
				CLANG_WARN__DUPLICATE_METHOD_MATCH = YES;
				"CODE_SIGN_IDENTITY[sdk=iphoneos*]" = "iPhone Developer";
				COPY_PHASE_STRIP = NO;
				DEBUG_INFORMATION_FORMAT = "dwarf-with-dsym";
				ENABLE_NS_ASSERTIONS = NO;
				ENABLE_STRICT_OBJC_MSGSEND = YES;
				GCC_C_LANGUAGE_STANDARD = gnu99;
				GCC_NO_COMMON_BLOCKS = YES;
				GCC_WARN_64_TO_32_BIT_CONVERSION = YES;
				GCC_WARN_ABOUT_RETURN_TYPE = YES_ERROR;
				GCC_WARN_UNDECLARED_SELECTOR = YES;
				GCC_WARN_UNINITIALIZED_AUTOS = YES_AGGRESSIVE;
				GCC_WARN_UNUSED_FUNCTION = YES;
				GCC_WARN_UNUSED_VARIABLE = YES;
				IPHONEOS_DEPLOYMENT_TARGET = 8.3;
				MTL_ENABLE_DEBUG_INFO = NO;
				SDKROOT = iphoneos;
				VALIDATE_PRODUCT = YES;
			};
			name = Release;
		};
		D8F526CB1B384C37006921DF /* Debug */ = {
			isa = XCBuildConfiguration;
			buildSettings = {
				ASSETCATALOG_COMPILER_APPICON_NAME = AppIcon;
				INFOPLIST_FILE = MatchMe/Info.plist;
				LD_RUNPATH_SEARCH_PATHS = "$(inherited) @executable_path/Frameworks";
				PRODUCT_NAME = "$(TARGET_NAME)";
			};
			name = Debug;
		};
		D8F526CC1B384C37006921DF /* Release */ = {
			isa = XCBuildConfiguration;
			buildSettings = {
				ASSETCATALOG_COMPILER_APPICON_NAME = AppIcon;
				INFOPLIST_FILE = MatchMe/Info.plist;
				LD_RUNPATH_SEARCH_PATHS = "$(inherited) @executable_path/Frameworks";
				PRODUCT_NAME = "$(TARGET_NAME)";
			};
			name = Release;
		};
		D8F526CE1B384C37006921DF /* Debug */ = {
			isa = XCBuildConfiguration;
			buildSettings = {
				BUNDLE_LOADER = "$(TEST_HOST)";
				FRAMEWORK_SEARCH_PATHS = (
					"$(SDKROOT)/Developer/Library/Frameworks",
					"$(inherited)",
				);
				GCC_PREPROCESSOR_DEFINITIONS = (
					"DEBUG=1",
					"$(inherited)",
				);
				INFOPLIST_FILE = MatchMeTests/Info.plist;
				LD_RUNPATH_SEARCH_PATHS = "$(inherited) @executable_path/Frameworks @loader_path/Frameworks";
				PRODUCT_NAME = "$(TARGET_NAME)";
				TEST_HOST = "$(BUILT_PRODUCTS_DIR)/MatchMe.app/MatchMe";
			};
			name = Debug;
		};
		D8F526CF1B384C37006921DF /* Release */ = {
			isa = XCBuildConfiguration;
			buildSettings = {
				BUNDLE_LOADER = "$(TEST_HOST)";
				FRAMEWORK_SEARCH_PATHS = (
					"$(SDKROOT)/Developer/Library/Frameworks",
					"$(inherited)",
				);
				INFOPLIST_FILE = MatchMeTests/Info.plist;
				LD_RUNPATH_SEARCH_PATHS = "$(inherited) @executable_path/Frameworks @loader_path/Frameworks";
				PRODUCT_NAME = "$(TARGET_NAME)";
				TEST_HOST = "$(BUILT_PRODUCTS_DIR)/MatchMe.app/MatchMe";
			};
			name = Release;
		};
/* End XCBuildConfiguration section */

/* Begin XCConfigurationList section */
		D8F526A21B384C37006921DF /* Build configuration list for PBXProject "MatchMe" */ = {
			isa = XCConfigurationList;
			buildConfigurations = (
				D8F526C81B384C37006921DF /* Debug */,
				D8F526C91B384C37006921DF /* Release */,
			);
			defaultConfigurationIsVisible = 0;
			defaultConfigurationName = Release;
		};
		D8F526CA1B384C37006921DF /* Build configuration list for PBXNativeTarget "MatchMe" */ = {
			isa = XCConfigurationList;
			buildConfigurations = (
				D8F526CB1B384C37006921DF /* Debug */,
				D8F526CC1B384C37006921DF /* Release */,
			);
			defaultConfigurationIsVisible = 0;
		};
		D8F526CD1B384C37006921DF /* Build configuration list for PBXNativeTarget "MatchMeTests" */ = {
			isa = XCConfigurationList;
			buildConfigurations = (
				D8F526CE1B384C37006921DF /* Debug */,
				D8F526CF1B384C37006921DF /* Release */,
			);
			defaultConfigurationIsVisible = 0;
		};
/* End XCConfigurationList section */
	};
	rootObject = D8F5269F1B384C37006921DF /* Project object */;
}
